// !$*UTF8*$!
{
	archiveVersion = 1;
	classes = {
	};
	objectVersion = 46;
	objects = {

/* Begin PBXBuildFile section */
		0AA5691FAAAC003FFAD6AE9D /* libPods-AwsWebServicesTests.a in Frameworks */ = {isa = PBXBuildFile; fileRef = 8DBE378C59C4EBB9F96106A2 /* libPods-AwsWebServicesTests.a */; };
		22C2CC2BC847AC26030A803A /* libPods-AwsWebServices.a in Frameworks */ = {isa = PBXBuildFile; fileRef = 29AF0D4D857FD26838DB85D8 /* libPods-AwsWebServices.a */; };
		4AB58BDA1EB1145F00B57367 /* main.m in Sources */ = {isa = PBXBuildFile; fileRef = 4AB58BD91EB1145F00B57367 /* main.m */; };
		4AB58BDD1EB1145F00B57367 /* AppDelegate.m in Sources */ = {isa = PBXBuildFile; fileRef = 4AB58BDC1EB1145F00B57367 /* AppDelegate.m */; };
		4AB58BE01EB1145F00B57367 /* ViewController.m in Sources */ = {isa = PBXBuildFile; fileRef = 4AB58BDF1EB1145F00B57367 /* ViewController.m */; };
		4AB58BE31EB1145F00B57367 /* Main.storyboard in Resources */ = {isa = PBXBuildFile; fileRef = 4AB58BE11EB1145F00B57367 /* Main.storyboard */; };
		4AB58BE51EB1145F00B57367 /* Assets.xcassets in Resources */ = {isa = PBXBuildFile; fileRef = 4AB58BE41EB1145F00B57367 /* Assets.xcassets */; };
		4AB58BE81EB1145F00B57367 /* LaunchScreen.storyboard in Resources */ = {isa = PBXBuildFile; fileRef = 4AB58BE61EB1145F00B57367 /* LaunchScreen.storyboard */; };
		4AB58BF31EB1145F00B57367 /* AwsWebServicesTests.m in Sources */ = {isa = PBXBuildFile; fileRef = 4AB58BF21EB1145F00B57367 /* AwsWebServicesTests.m */; };
		4AB58BFE1EB1145F00B57367 /* AwsWebServicesUITests.m in Sources */ = {isa = PBXBuildFile; fileRef = 4AB58BFD1EB1145F00B57367 /* AwsWebServicesUITests.m */; };
		AA2716A3BA9F4E87898C9EED /* libPods-AwsWebServicesUITests.a in Frameworks */ = {isa = PBXBuildFile; fileRef = 30961FA84522DE9C1B3ED3C3 /* libPods-AwsWebServicesUITests.a */; };
/* End PBXBuildFile section */

/* Begin PBXContainerItemProxy section */
		4AB58BEF1EB1145F00B57367 /* PBXContainerItemProxy */ = {
			isa = PBXContainerItemProxy;
			containerPortal = 4AB58BCD1EB1145F00B57367 /* Project object */;
			proxyType = 1;
			remoteGlobalIDString = 4AB58BD41EB1145F00B57367;
			remoteInfo = AwsWebServices;
		};
		4AB58BFA1EB1145F00B57367 /* PBXContainerItemProxy */ = {
			isa = PBXContainerItemProxy;
			containerPortal = 4AB58BCD1EB1145F00B57367 /* Project object */;
			proxyType = 1;
			remoteGlobalIDString = 4AB58BD41EB1145F00B57367;
			remoteInfo = AwsWebServices;
		};
/* End PBXContainerItemProxy section */

/* Begin PBXFileReference section */
		1DBCB02FBE1882AA5C31BDBF /* Pods-AwsWebServices.release.xcconfig */ = {isa = PBXFileReference; includeInIndex = 1; lastKnownFileType = text.xcconfig; name = "Pods-AwsWebServices.release.xcconfig"; path = "Pods/Target Support Files/Pods-AwsWebServices/Pods-AwsWebServices.release.xcconfig"; sourceTree = "<group>"; };
		29AF0D4D857FD26838DB85D8 /* libPods-AwsWebServices.a */ = {isa = PBXFileReference; explicitFileType = archive.ar; includeInIndex = 0; path = "libPods-AwsWebServices.a"; sourceTree = BUILT_PRODUCTS_DIR; };
		30961FA84522DE9C1B3ED3C3 /* libPods-AwsWebServicesUITests.a */ = {isa = PBXFileReference; explicitFileType = archive.ar; includeInIndex = 0; path = "libPods-AwsWebServicesUITests.a"; sourceTree = BUILT_PRODUCTS_DIR; };
		4A5531BDB25C2C467B61520C /* Pods-AwsWebServicesTests.release.xcconfig */ = {isa = PBXFileReference; includeInIndex = 1; lastKnownFileType = text.xcconfig; name = "Pods-AwsWebServicesTests.release.xcconfig"; path = "Pods/Target Support Files/Pods-AwsWebServicesTests/Pods-AwsWebServicesTests.release.xcconfig"; sourceTree = "<group>"; };
		4AB58BD51EB1145F00B57367 /* AwsWebServices.app */ = {isa = PBXFileReference; explicitFileType = wrapper.application; includeInIndex = 0; path = AwsWebServices.app; sourceTree = BUILT_PRODUCTS_DIR; };
		4AB58BD91EB1145F00B57367 /* main.m */ = {isa = PBXFileReference; lastKnownFileType = sourcecode.c.objc; path = main.m; sourceTree = "<group>"; };
		4AB58BDB1EB1145F00B57367 /* AppDelegate.h */ = {isa = PBXFileReference; lastKnownFileType = sourcecode.c.h; path = AppDelegate.h; sourceTree = "<group>"; };
		4AB58BDC1EB1145F00B57367 /* AppDelegate.m */ = {isa = PBXFileReference; lastKnownFileType = sourcecode.c.objc; path = AppDelegate.m; sourceTree = "<group>"; };
		4AB58BDE1EB1145F00B57367 /* ViewController.h */ = {isa = PBXFileReference; lastKnownFileType = sourcecode.c.h; path = ViewController.h; sourceTree = "<group>"; };
		4AB58BDF1EB1145F00B57367 /* ViewController.m */ = {isa = PBXFileReference; lastKnownFileType = sourcecode.c.objc; path = ViewController.m; sourceTree = "<group>"; };
		4AB58BE21EB1145F00B57367 /* Base */ = {isa = PBXFileReference; lastKnownFileType = file.storyboard; name = Base; path = Base.lproj/Main.storyboard; sourceTree = "<group>"; };
		4AB58BE41EB1145F00B57367 /* Assets.xcassets */ = {isa = PBXFileReference; lastKnownFileType = folder.assetcatalog; path = Assets.xcassets; sourceTree = "<group>"; };
		4AB58BE71EB1145F00B57367 /* Base */ = {isa = PBXFileReference; lastKnownFileType = file.storyboard; name = Base; path = Base.lproj/LaunchScreen.storyboard; sourceTree = "<group>"; };
		4AB58BE91EB1145F00B57367 /* Info.plist */ = {isa = PBXFileReference; lastKnownFileType = text.plist.xml; path = Info.plist; sourceTree = "<group>"; };
		4AB58BEE1EB1145F00B57367 /* AwsWebServicesTests.xctest */ = {isa = PBXFileReference; explicitFileType = wrapper.cfbundle; includeInIndex = 0; path = AwsWebServicesTests.xctest; sourceTree = BUILT_PRODUCTS_DIR; };
		4AB58BF21EB1145F00B57367 /* AwsWebServicesTests.m */ = {isa = PBXFileReference; lastKnownFileType = sourcecode.c.objc; path = AwsWebServicesTests.m; sourceTree = "<group>"; };
		4AB58BF41EB1145F00B57367 /* Info.plist */ = {isa = PBXFileReference; lastKnownFileType = text.plist.xml; path = Info.plist; sourceTree = "<group>"; };
		4AB58BF91EB1145F00B57367 /* AwsWebServicesUITests.xctest */ = {isa = PBXFileReference; explicitFileType = wrapper.cfbundle; includeInIndex = 0; path = AwsWebServicesUITests.xctest; sourceTree = BUILT_PRODUCTS_DIR; };
		4AB58BFD1EB1145F00B57367 /* AwsWebServicesUITests.m */ = {isa = PBXFileReference; lastKnownFileType = sourcecode.c.objc; path = AwsWebServicesUITests.m; sourceTree = "<group>"; };
		4AB58BFF1EB1145F00B57367 /* Info.plist */ = {isa = PBXFileReference; lastKnownFileType = text.plist.xml; path = Info.plist; sourceTree = "<group>"; };
		53906B2ADE6F231B1AEAF72B /* Pods-AwsWebServicesTests.debug.xcconfig */ = {isa = PBXFileReference; includeInIndex = 1; lastKnownFileType = text.xcconfig; name = "Pods-AwsWebServicesTests.debug.xcconfig"; path = "Pods/Target Support Files/Pods-AwsWebServicesTests/Pods-AwsWebServicesTests.debug.xcconfig"; sourceTree = "<group>"; };
		86B6D07B5D62292C51670088 /* Pods-AwsWebServices.debug.xcconfig */ = {isa = PBXFileReference; includeInIndex = 1; lastKnownFileType = text.xcconfig; name = "Pods-AwsWebServices.debug.xcconfig"; path = "Pods/Target Support Files/Pods-AwsWebServices/Pods-AwsWebServices.debug.xcconfig"; sourceTree = "<group>"; };
		8DBE378C59C4EBB9F96106A2 /* libPods-AwsWebServicesTests.a */ = {isa = PBXFileReference; explicitFileType = archive.ar; includeInIndex = 0; path = "libPods-AwsWebServicesTests.a"; sourceTree = BUILT_PRODUCTS_DIR; };
		F351CC2A07EE1053A0CC5F9A /* Pods-AwsWebServicesUITests.debug.xcconfig */ = {isa = PBXFileReference; includeInIndex = 1; lastKnownFileType = text.xcconfig; name = "Pods-AwsWebServicesUITests.debug.xcconfig"; path = "Pods/Target Support Files/Pods-AwsWebServicesUITests/Pods-AwsWebServicesUITests.debug.xcconfig"; sourceTree = "<group>"; };
		F89FAC269F7648DD6FB5E515 /* Pods-AwsWebServicesUITests.release.xcconfig */ = {isa = PBXFileReference; includeInIndex = 1; lastKnownFileType = text.xcconfig; name = "Pods-AwsWebServicesUITests.release.xcconfig"; path = "Pods/Target Support Files/Pods-AwsWebServicesUITests/Pods-AwsWebServicesUITests.release.xcconfig"; sourceTree = "<group>"; };
/* End PBXFileReference section */

/* Begin PBXFrameworksBuildPhase section */
		4AB58BD21EB1145F00B57367 /* Frameworks */ = {
			isa = PBXFrameworksBuildPhase;
			buildActionMask = 2147483647;
			files = (
				22C2CC2BC847AC26030A803A /* libPods-AwsWebServices.a in Frameworks */,
			);
			runOnlyForDeploymentPostprocessing = 0;
		};
		4AB58BEB1EB1145F00B57367 /* Frameworks */ = {
			isa = PBXFrameworksBuildPhase;
			buildActionMask = 2147483647;
			files = (
				0AA5691FAAAC003FFAD6AE9D /* libPods-AwsWebServicesTests.a in Frameworks */,
			);
			runOnlyForDeploymentPostprocessing = 0;
		};
		4AB58BF61EB1145F00B57367 /* Frameworks */ = {
			isa = PBXFrameworksBuildPhase;
			buildActionMask = 2147483647;
			files = (
				AA2716A3BA9F4E87898C9EED /* libPods-AwsWebServicesUITests.a in Frameworks */,
			);
			runOnlyForDeploymentPostprocessing = 0;
		};
/* End PBXFrameworksBuildPhase section */

/* Begin PBXGroup section */
		4AB58BCC1EB1145F00B57367 = {
			isa = PBXGroup;
			children = (
				4AB58BD71EB1145F00B57367 /* AwsWebServices */,
				4AB58BF11EB1145F00B57367 /* AwsWebServicesTests */,
				4AB58BFC1EB1145F00B57367 /* AwsWebServicesUITests */,
				4AB58BD61EB1145F00B57367 /* Products */,
				C9E2EF55AFD08FCA5226C223 /* Pods */,
				83B02B12A745A7C68FABE2EA /* Frameworks */,
			);
			sourceTree = "<group>";
		};
		4AB58BD61EB1145F00B57367 /* Products */ = {
			isa = PBXGroup;
			children = (
				4AB58BD51EB1145F00B57367 /* AwsWebServices.app */,
				4AB58BEE1EB1145F00B57367 /* AwsWebServicesTests.xctest */,
				4AB58BF91EB1145F00B57367 /* AwsWebServicesUITests.xctest */,
			);
			name = Products;
			sourceTree = "<group>";
		};
		4AB58BD71EB1145F00B57367 /* AwsWebServices */ = {
			isa = PBXGroup;
			children = (
				4AB58BDB1EB1145F00B57367 /* AppDelegate.h */,
				4AB58BDC1EB1145F00B57367 /* AppDelegate.m */,
				4AB58BDE1EB1145F00B57367 /* ViewController.h */,
				4AB58BDF1EB1145F00B57367 /* ViewController.m */,
				4AB58BE11EB1145F00B57367 /* Main.storyboard */,
				4AB58BE41EB1145F00B57367 /* Assets.xcassets */,
				4AB58BE61EB1145F00B57367 /* LaunchScreen.storyboard */,
				4AB58BE91EB1145F00B57367 /* Info.plist */,
				4AB58BD81EB1145F00B57367 /* Supporting Files */,
			);
			path = AwsWebServices;
			sourceTree = "<group>";
		};
		4AB58BD81EB1145F00B57367 /* Supporting Files */ = {
			isa = PBXGroup;
			children = (
				4AB58BD91EB1145F00B57367 /* main.m */,
			);
			name = "Supporting Files";
			sourceTree = "<group>";
		};
		4AB58BF11EB1145F00B57367 /* AwsWebServicesTests */ = {
			isa = PBXGroup;
			children = (
				4AB58BF21EB1145F00B57367 /* AwsWebServicesTests.m */,
				4AB58BF41EB1145F00B57367 /* Info.plist */,
			);
			path = AwsWebServicesTests;
			sourceTree = "<group>";
		};
		4AB58BFC1EB1145F00B57367 /* AwsWebServicesUITests */ = {
			isa = PBXGroup;
			children = (
				4AB58BFD1EB1145F00B57367 /* AwsWebServicesUITests.m */,
				4AB58BFF1EB1145F00B57367 /* Info.plist */,
			);
			path = AwsWebServicesUITests;
			sourceTree = "<group>";
		};
		83B02B12A745A7C68FABE2EA /* Frameworks */ = {
			isa = PBXGroup;
			children = (
				29AF0D4D857FD26838DB85D8 /* libPods-AwsWebServices.a */,
				8DBE378C59C4EBB9F96106A2 /* libPods-AwsWebServicesTests.a */,
				30961FA84522DE9C1B3ED3C3 /* libPods-AwsWebServicesUITests.a */,
			);
			name = Frameworks;
			sourceTree = "<group>";
		};
		C9E2EF55AFD08FCA5226C223 /* Pods */ = {
			isa = PBXGroup;
			children = (
				86B6D07B5D62292C51670088 /* Pods-AwsWebServices.debug.xcconfig */,
				1DBCB02FBE1882AA5C31BDBF /* Pods-AwsWebServices.release.xcconfig */,
				53906B2ADE6F231B1AEAF72B /* Pods-AwsWebServicesTests.debug.xcconfig */,
				4A5531BDB25C2C467B61520C /* Pods-AwsWebServicesTests.release.xcconfig */,
				F351CC2A07EE1053A0CC5F9A /* Pods-AwsWebServicesUITests.debug.xcconfig */,
				F89FAC269F7648DD6FB5E515 /* Pods-AwsWebServicesUITests.release.xcconfig */,
			);
			name = Pods;
			sourceTree = "<group>";
		};
/* End PBXGroup section */

/* Begin PBXNativeTarget section */
		4AB58BD41EB1145F00B57367 /* AwsWebServices */ = {
			isa = PBXNativeTarget;
			buildConfigurationList = 4AB58C021EB1145F00B57367 /* Build configuration list for PBXNativeTarget "AwsWebServices" */;
			buildPhases = (
				99E324FAA2DE693DB4490290 /* [CP] Check Pods Manifest.lock */,
				4AB58BD11EB1145F00B57367 /* Sources */,
				4AB58BD21EB1145F00B57367 /* Frameworks */,
				4AB58BD31EB1145F00B57367 /* Resources */,
				B0CEFCD17E9D7A7842626F4E /* [CP] Embed Pods Frameworks */,
				E88F94CBE94359BF120D094C /* [CP] Copy Pods Resources */,
			);
			buildRules = (
			);
			dependencies = (
			);
			name = AwsWebServices;
			productName = AwsWebServices;
			productReference = 4AB58BD51EB1145F00B57367 /* AwsWebServices.app */;
			productType = "com.apple.product-type.application";
		};
		4AB58BED1EB1145F00B57367 /* AwsWebServicesTests */ = {
			isa = PBXNativeTarget;
			buildConfigurationList = 4AB58C051EB1145F00B57367 /* Build configuration list for PBXNativeTarget "AwsWebServicesTests" */;
			buildPhases = (
				65F9CC7929B86D9C29538750 /* [CP] Check Pods Manifest.lock */,
				4AB58BEA1EB1145F00B57367 /* Sources */,
				4AB58BEB1EB1145F00B57367 /* Frameworks */,
				4AB58BEC1EB1145F00B57367 /* Resources */,
				A7798D24CA272758B7255C6B /* [CP] Embed Pods Frameworks */,
				177073D7A9C069CBAD3C66F2 /* [CP] Copy Pods Resources */,
			);
			buildRules = (
			);
			dependencies = (
				4AB58BF01EB1145F00B57367 /* PBXTargetDependency */,
			);
			name = AwsWebServicesTests;
			productName = AwsWebServicesTests;
			productReference = 4AB58BEE1EB1145F00B57367 /* AwsWebServicesTests.xctest */;
			productType = "com.apple.product-type.bundle.unit-test";
		};
		4AB58BF81EB1145F00B57367 /* AwsWebServicesUITests */ = {
			isa = PBXNativeTarget;
			buildConfigurationList = 4AB58C081EB1145F00B57367 /* Build configuration list for PBXNativeTarget "AwsWebServicesUITests" */;
			buildPhases = (
				301722D4E312A5F63FC6D0CE /* [CP] Check Pods Manifest.lock */,
				4AB58BF51EB1145F00B57367 /* Sources */,
				4AB58BF61EB1145F00B57367 /* Frameworks */,
				4AB58BF71EB1145F00B57367 /* Resources */,
				8EDD2B01DA8E8FF5604BBEC2 /* [CP] Embed Pods Frameworks */,
				3ECC1CEC1260F73F6D46F097 /* [CP] Copy Pods Resources */,
			);
			buildRules = (
			);
			dependencies = (
				4AB58BFB1EB1145F00B57367 /* PBXTargetDependency */,
			);
			name = AwsWebServicesUITests;
			productName = AwsWebServicesUITests;
			productReference = 4AB58BF91EB1145F00B57367 /* AwsWebServicesUITests.xctest */;
			productType = "com.apple.product-type.bundle.ui-testing";
		};
/* End PBXNativeTarget section */

/* Begin PBXProject section */
		4AB58BCD1EB1145F00B57367 /* Project object */ = {
			isa = PBXProject;
			attributes = {
				LastUpgradeCheck = 0830;
				ORGANIZATIONNAME = "Snehal Patel";
				TargetAttributes = {
					4AB58BD41EB1145F00B57367 = {
						CreatedOnToolsVersion = 8.3.2;
						DevelopmentTeam = 7B7U2X95FN;
						ProvisioningStyle = Automatic;
					};
					4AB58BED1EB1145F00B57367 = {
						CreatedOnToolsVersion = 8.3.2;
						DevelopmentTeam = 5QFMWSJCL3;
						ProvisioningStyle = Automatic;
						TestTargetID = 4AB58BD41EB1145F00B57367;
					};
					4AB58BF81EB1145F00B57367 = {
						CreatedOnToolsVersion = 8.3.2;
						DevelopmentTeam = 5QFMWSJCL3;
						ProvisioningStyle = Automatic;
						TestTargetID = 4AB58BD41EB1145F00B57367;
					};
				};
			};
			buildConfigurationList = 4AB58BD01EB1145F00B57367 /* Build configuration list for PBXProject "AwsWebServices" */;
			compatibilityVersion = "Xcode 3.2";
			developmentRegion = English;
			hasScannedForEncodings = 0;
			knownRegions = (
				en,
				Base,
			);
			mainGroup = 4AB58BCC1EB1145F00B57367;
			productRefGroup = 4AB58BD61EB1145F00B57367 /* Products */;
			projectDirPath = "";
			projectRoot = "";
			targets = (
				4AB58BD41EB1145F00B57367 /* AwsWebServices */,
				4AB58BED1EB1145F00B57367 /* AwsWebServicesTests */,
				4AB58BF81EB1145F00B57367 /* AwsWebServicesUITests */,
			);
		};
/* End PBXProject section */

/* Begin PBXResourcesBuildPhase section */
		4AB58BD31EB1145F00B57367 /* Resources */ = {
			isa = PBXResourcesBuildPhase;
			buildActionMask = 2147483647;
			files = (
				4AB58BE81EB1145F00B57367 /* LaunchScreen.storyboard in Resources */,
				4AB58BE51EB1145F00B57367 /* Assets.xcassets in Resources */,
				4AB58BE31EB1145F00B57367 /* Main.storyboard in Resources */,
			);
			runOnlyForDeploymentPostprocessing = 0;
		};
		4AB58BEC1EB1145F00B57367 /* Resources */ = {
			isa = PBXResourcesBuildPhase;
			buildActionMask = 2147483647;
			files = (
			);
			runOnlyForDeploymentPostprocessing = 0;
		};
		4AB58BF71EB1145F00B57367 /* Resources */ = {
			isa = PBXResourcesBuildPhase;
			buildActionMask = 2147483647;
			files = (
			);
			runOnlyForDeploymentPostprocessing = 0;
		};
/* End PBXResourcesBuildPhase section */

/* Begin PBXShellScriptBuildPhase section */
		177073D7A9C069CBAD3C66F2 /* [CP] Copy Pods Resources */ = {
			isa = PBXShellScriptBuildPhase;
			buildActionMask = 2147483647;
			files = (
			);
			inputPaths = (
			);
			name = "[CP] Copy Pods Resources";
			outputPaths = (
			);
			runOnlyForDeploymentPostprocessing = 0;
			shellPath = /bin/sh;
			shellScript = "\"${SRCROOT}/Pods/Target Support Files/Pods-AwsWebServicesTests/Pods-AwsWebServicesTests-resources.sh\"\n";
			showEnvVarsInLog = 0;
		};
		301722D4E312A5F63FC6D0CE /* [CP] Check Pods Manifest.lock */ = {
			isa = PBXShellScriptBuildPhase;
			buildActionMask = 2147483647;
			files = (
			);
			inputPaths = (
			);
			name = "[CP] Check Pods Manifest.lock";
			outputPaths = (
			);
			runOnlyForDeploymentPostprocessing = 0;
			shellPath = /bin/sh;
			shellScript = "diff \"${PODS_PODFILE_DIR_PATH}/Podfile.lock\" \"${PODS_ROOT}/Manifest.lock\" > /dev/null\nif [ $? != 0 ] ; then\n    # print error to STDERR\n    echo \"error: The sandbox is not in sync with the Podfile.lock. Run 'pod install' or update your CocoaPods installation.\" >&2\n    exit 1\nfi\n";
			showEnvVarsInLog = 0;
		};
		3ECC1CEC1260F73F6D46F097 /* [CP] Copy Pods Resources */ = {
			isa = PBXShellScriptBuildPhase;
			buildActionMask = 2147483647;
			files = (
			);
			inputPaths = (
			);
			name = "[CP] Copy Pods Resources";
			outputPaths = (
			);
			runOnlyForDeploymentPostprocessing = 0;
			shellPath = /bin/sh;
			shellScript = "\"${SRCROOT}/Pods/Target Support Files/Pods-AwsWebServicesUITests/Pods-AwsWebServicesUITests-resources.sh\"\n";
			showEnvVarsInLog = 0;
		};
		65F9CC7929B86D9C29538750 /* [CP] Check Pods Manifest.lock */ = {
			isa = PBXShellScriptBuildPhase;
			buildActionMask = 2147483647;
			files = (
			);
			inputPaths = (
			);
			name = "[CP] Check Pods Manifest.lock";
			outputPaths = (
			);
			runOnlyForDeploymentPostprocessing = 0;
			shellPath = /bin/sh;
			shellScript = "diff \"${PODS_PODFILE_DIR_PATH}/Podfile.lock\" \"${PODS_ROOT}/Manifest.lock\" > /dev/null\nif [ $? != 0 ] ; then\n    # print error to STDERR\n    echo \"error: The sandbox is not in sync with the Podfile.lock. Run 'pod install' or update your CocoaPods installation.\" >&2\n    exit 1\nfi\n";
			showEnvVarsInLog = 0;
		};
		8EDD2B01DA8E8FF5604BBEC2 /* [CP] Embed Pods Frameworks */ = {
			isa = PBXShellScriptBuildPhase;
			buildActionMask = 2147483647;
			files = (
			);
			inputPaths = (
			);
			name = "[CP] Embed Pods Frameworks";
			outputPaths = (
			);
			runOnlyForDeploymentPostprocessing = 0;
			shellPath = /bin/sh;
			shellScript = "\"${SRCROOT}/Pods/Target Support Files/Pods-AwsWebServicesUITests/Pods-AwsWebServicesUITests-frameworks.sh\"\n";
			showEnvVarsInLog = 0;
		};
		99E324FAA2DE693DB4490290 /* [CP] Check Pods Manifest.lock */ = {
			isa = PBXShellScriptBuildPhase;
			buildActionMask = 2147483647;
			files = (
			);
			inputPaths = (
			);
			name = "[CP] Check Pods Manifest.lock";
			outputPaths = (
			);
			runOnlyForDeploymentPostprocessing = 0;
			shellPath = /bin/sh;
			shellScript = "diff \"${PODS_PODFILE_DIR_PATH}/Podfile.lock\" \"${PODS_ROOT}/Manifest.lock\" > /dev/null\nif [ $? != 0 ] ; then\n    # print error to STDERR\n    echo \"error: The sandbox is not in sync with the Podfile.lock. Run 'pod install' or update your CocoaPods installation.\" >&2\n    exit 1\nfi\n";
			showEnvVarsInLog = 0;
		};
		A7798D24CA272758B7255C6B /* [CP] Embed Pods Frameworks */ = {
			isa = PBXShellScriptBuildPhase;
			buildActionMask = 2147483647;
			files = (
			);
			inputPaths = (
			);
			name = "[CP] Embed Pods Frameworks";
			outputPaths = (
			);
			runOnlyForDeploymentPostprocessing = 0;
			shellPath = /bin/sh;
			shellScript = "\"${SRCROOT}/Pods/Target Support Files/Pods-AwsWebServicesTests/Pods-AwsWebServicesTests-frameworks.sh\"\n";
			showEnvVarsInLog = 0;
		};
		B0CEFCD17E9D7A7842626F4E /* [CP] Embed Pods Frameworks */ = {
			isa = PBXShellScriptBuildPhase;
			buildActionMask = 2147483647;
			files = (
			);
			inputPaths = (
			);
			name = "[CP] Embed Pods Frameworks";
			outputPaths = (
			);
			runOnlyForDeploymentPostprocessing = 0;
			shellPath = /bin/sh;
			shellScript = "\"${SRCROOT}/Pods/Target Support Files/Pods-AwsWebServices/Pods-AwsWebServices-frameworks.sh\"\n";
			showEnvVarsInLog = 0;
		};
		E88F94CBE94359BF120D094C /* [CP] Copy Pods Resources */ = {
			isa = PBXShellScriptBuildPhase;
			buildActionMask = 2147483647;
			files = (
			);
			inputPaths = (
			);
			name = "[CP] Copy Pods Resources";
			outputPaths = (
			);
			runOnlyForDeploymentPostprocessing = 0;
			shellPath = /bin/sh;
			shellScript = "\"${SRCROOT}/Pods/Target Support Files/Pods-AwsWebServices/Pods-AwsWebServices-resources.sh\"\n";
			showEnvVarsInLog = 0;
		};
/* End PBXShellScriptBuildPhase section */

/* Begin PBXSourcesBuildPhase section */
		4AB58BD11EB1145F00B57367 /* Sources */ = {
			isa = PBXSourcesBuildPhase;
			buildActionMask = 2147483647;
			files = (
				4AB58BE01EB1145F00B57367 /* ViewController.m in Sources */,
				4AB58BDD1EB1145F00B57367 /* AppDelegate.m in Sources */,
				4AB58BDA1EB1145F00B57367 /* main.m in Sources */,
			);
			runOnlyForDeploymentPostprocessing = 0;
		};
		4AB58BEA1EB1145F00B57367 /* Sources */ = {
			isa = PBXSourcesBuildPhase;
			buildActionMask = 2147483647;
			files = (
				4AB58BF31EB1145F00B57367 /* AwsWebServicesTests.m in Sources */,
			);
			runOnlyForDeploymentPostprocessing = 0;
		};
		4AB58BF51EB1145F00B57367 /* Sources */ = {
			isa = PBXSourcesBuildPhase;
			buildActionMask = 2147483647;
			files = (
				4AB58BFE1EB1145F00B57367 /* AwsWebServicesUITests.m in Sources */,
			);
			runOnlyForDeploymentPostprocessing = 0;
		};
/* End PBXSourcesBuildPhase section */

/* Begin PBXTargetDependency section */
		4AB58BF01EB1145F00B57367 /* PBXTargetDependency */ = {
			isa = PBXTargetDependency;
			target = 4AB58BD41EB1145F00B57367 /* AwsWebServices */;
			targetProxy = 4AB58BEF1EB1145F00B57367 /* PBXContainerItemProxy */;
		};
		4AB58BFB1EB1145F00B57367 /* PBXTargetDependency */ = {
			isa = PBXTargetDependency;
			target = 4AB58BD41EB1145F00B57367 /* AwsWebServices */;
			targetProxy = 4AB58BFA1EB1145F00B57367 /* PBXContainerItemProxy */;
		};
/* End PBXTargetDependency section */

/* Begin PBXVariantGroup section */
		4AB58BE11EB1145F00B57367 /* Main.storyboard */ = {
			isa = PBXVariantGroup;
			children = (
				4AB58BE21EB1145F00B57367 /* Base */,
			);
			name = Main.storyboard;
			sourceTree = "<group>";
		};
		4AB58BE61EB1145F00B57367 /* LaunchScreen.storyboard */ = {
			isa = PBXVariantGroup;
			children = (
				4AB58BE71EB1145F00B57367 /* Base */,
			);
			name = LaunchScreen.storyboard;
			sourceTree = "<group>";
		};
/* End PBXVariantGroup section */

/* Begin XCBuildConfiguration section */
		4AB58C001EB1145F00B57367 /* Debug */ = {
			isa = XCBuildConfiguration;
			buildSettings = {
				ALWAYS_SEARCH_USER_PATHS = NO;
				CLANG_ANALYZER_NONNULL = YES;
				CLANG_ANALYZER_NUMBER_OBJECT_CONVERSION = YES_AGGRESSIVE;
				CLANG_CXX_LANGUAGE_STANDARD = "gnu++0x";
				CLANG_CXX_LIBRARY = "libc++";
				CLANG_ENABLE_MODULES = YES;
				CLANG_ENABLE_OBJC_ARC = YES;
				CLANG_WARN_BOOL_CONVERSION = YES;
				CLANG_WARN_CONSTANT_CONVERSION = YES;
				CLANG_WARN_DIRECT_OBJC_ISA_USAGE = YES_ERROR;
				CLANG_WARN_DOCUMENTATION_COMMENTS = YES;
				CLANG_WARN_EMPTY_BODY = YES;
				CLANG_WARN_ENUM_CONVERSION = YES;
				CLANG_WARN_INFINITE_RECURSION = YES;
				CLANG_WARN_INT_CONVERSION = YES;
				CLANG_WARN_OBJC_ROOT_CLASS = YES_ERROR;
				CLANG_WARN_SUSPICIOUS_MOVE = YES;
				CLANG_WARN_UNREACHABLE_CODE = YES;
				CLANG_WARN__DUPLICATE_METHOD_MATCH = YES;
				"CODE_SIGN_IDENTITY[sdk=iphoneos*]" = "iPhone Developer";
				COPY_PHASE_STRIP = NO;
				DEBUG_INFORMATION_FORMAT = dwarf;
				ENABLE_STRICT_OBJC_MSGSEND = YES;
				ENABLE_TESTABILITY = YES;
				GCC_C_LANGUAGE_STANDARD = gnu99;
				GCC_DYNAMIC_NO_PIC = NO;
				GCC_NO_COMMON_BLOCKS = YES;
				GCC_OPTIMIZATION_LEVEL = 0;
				GCC_PREPROCESSOR_DEFINITIONS = (
					"DEBUG=1",
					"$(inherited)",
				);
				GCC_WARN_64_TO_32_BIT_CONVERSION = YES;
				GCC_WARN_ABOUT_RETURN_TYPE = YES_ERROR;
				GCC_WARN_UNDECLARED_SELECTOR = YES;
				GCC_WARN_UNINITIALIZED_AUTOS = YES_AGGRESSIVE;
				GCC_WARN_UNUSED_FUNCTION = YES;
				GCC_WARN_UNUSED_VARIABLE = YES;
				IPHONEOS_DEPLOYMENT_TARGET = 10.3;
				MTL_ENABLE_DEBUG_INFO = YES;
				ONLY_ACTIVE_ARCH = YES;
				SDKROOT = iphoneos;
				TARGETED_DEVICE_FAMILY = "1,2";
			};
			name = Debug;
		};
		4AB58C011EB1145F00B57367 /* Release */ = {
			isa = XCBuildConfiguration;
			buildSettings = {
				ALWAYS_SEARCH_USER_PATHS = NO;
				CLANG_ANALYZER_NONNULL = YES;
				CLANG_ANALYZER_NUMBER_OBJECT_CONVERSION = YES_AGGRESSIVE;
				CLANG_CXX_LANGUAGE_STANDARD = "gnu++0x";
				CLANG_CXX_LIBRARY = "libc++";
				CLANG_ENABLE_MODULES = YES;
				CLANG_ENABLE_OBJC_ARC = YES;
				CLANG_WARN_BOOL_CONVERSION = YES;
				CLANG_WARN_CONSTANT_CONVERSION = YES;
				CLANG_WARN_DIRECT_OBJC_ISA_USAGE = YES_ERROR;
				CLANG_WARN_DOCUMENTATION_COMMENTS = YES;
				CLANG_WARN_EMPTY_BODY = YES;
				CLANG_WARN_ENUM_CONVERSION = YES;
				CLANG_WARN_INFINITE_RECURSION = YES;
				CLANG_WARN_INT_CONVERSION = YES;
				CLANG_WARN_OBJC_ROOT_CLASS = YES_ERROR;
				CLANG_WARN_SUSPICIOUS_MOVE = YES;
				CLANG_WARN_UNREACHABLE_CODE = YES;
				CLANG_WARN__DUPLICATE_METHOD_MATCH = YES;
				"CODE_SIGN_IDENTITY[sdk=iphoneos*]" = "iPhone Developer";
				COPY_PHASE_STRIP = NO;
				DEBUG_INFORMATION_FORMAT = "dwarf-with-dsym";
				ENABLE_NS_ASSERTIONS = NO;
				ENABLE_STRICT_OBJC_MSGSEND = YES;
				GCC_C_LANGUAGE_STANDARD = gnu99;
				GCC_NO_COMMON_BLOCKS = YES;
				GCC_WARN_64_TO_32_BIT_CONVERSION = YES;
				GCC_WARN_ABOUT_RETURN_TYPE = YES_ERROR;
				GCC_WARN_UNDECLARED_SELECTOR = YES;
				GCC_WARN_UNINITIALIZED_AUTOS = YES_AGGRESSIVE;
				GCC_WARN_UNUSED_FUNCTION = YES;
				GCC_WARN_UNUSED_VARIABLE = YES;
				IPHONEOS_DEPLOYMENT_TARGET = 10.3;
				MTL_ENABLE_DEBUG_INFO = NO;
				SDKROOT = iphoneos;
				TARGETED_DEVICE_FAMILY = "1,2";
				VALIDATE_PRODUCT = YES;
			};
			name = Release;
		};
		4AB58C031EB1145F00B57367 /* Debug */ = {
			isa = XCBuildConfiguration;
			baseConfigurationReference = 86B6D07B5D62292C51670088 /* Pods-AwsWebServices.debug.xcconfig */;
			buildSettings = {
				ASSETCATALOG_COMPILER_APPICON_NAME = AppIcon;
				DEVELOPMENT_TEAM = 7B7U2X95FN;
				INFOPLIST_FILE = AwsWebServices/Info.plist;
				LD_RUNPATH_SEARCH_PATHS = "$(inherited) @executable_path/Frameworks";
				PRODUCT_BUNDLE_IDENTIFIER = com.billionaire.AwsWebServices;
				PRODUCT_NAME = "$(TARGET_NAME)";
			};
			name = Debug;
		};
		4AB58C041EB1145F00B57367 /* Release */ = {
			isa = XCBuildConfiguration;
			baseConfigurationReference = 1DBCB02FBE1882AA5C31BDBF /* Pods-AwsWebServices.release.xcconfig */;
			buildSettings = {
				ASSETCATALOG_COMPILER_APPICON_NAME = AppIcon;
				DEVELOPMENT_TEAM = 7B7U2X95FN;
				INFOPLIST_FILE = AwsWebServices/Info.plist;
				LD_RUNPATH_SEARCH_PATHS = "$(inherited) @executable_path/Frameworks";
				PRODUCT_BUNDLE_IDENTIFIER = com.billionaire.AwsWebServices;
				PRODUCT_NAME = "$(TARGET_NAME)";
			};
			name = Release;
		};
		4AB58C061EB1145F00B57367 /* Debug */ = {
			isa = XCBuildConfiguration;
			baseConfigurationReference = 53906B2ADE6F231B1AEAF72B /* Pods-AwsWebServicesTests.debug.xcconfig */;
			buildSettings = {
				BUNDLE_LOADER = "$(TEST_HOST)";
				DEVELOPMENT_TEAM = 5QFMWSJCL3;
				INFOPLIST_FILE = AwsWebServicesTests/Info.plist;
				LD_RUNPATH_SEARCH_PATHS = "$(inherited) @executable_path/Frameworks @loader_path/Frameworks";
				PRODUCT_BUNDLE_IDENTIFIER = com.billionaire.AwsWebServicesTests;
				PRODUCT_NAME = "$(TARGET_NAME)";
				TEST_HOST = "$(BUILT_PRODUCTS_DIR)/AwsWebServices.app/AwsWebServices";
			};
			name = Debug;
		};
		4AB58C071EB1145F00B57367 /* Release */ = {
			isa = XCBuildConfiguration;
			baseConfigurationReference = 4A5531BDB25C2C467B61520C /* Pods-AwsWebServicesTests.release.xcconfig */;
			buildSettings = {
				BUNDLE_LOADER = "$(TEST_HOST)";
				DEVELOPMENT_TEAM = 5QFMWSJCL3;
				INFOPLIST_FILE = AwsWebServicesTests/Info.plist;
				LD_RUNPATH_SEARCH_PATHS = "$(inherited) @executable_path/Frameworks @loader_path/Frameworks";
				PRODUCT_BUNDLE_IDENTIFIER = com.billionaire.AwsWebServicesTests;
				PRODUCT_NAME = "$(TARGET_NAME)";
				TEST_HOST = "$(BUILT_PRODUCTS_DIR)/AwsWebServices.app/AwsWebServices";
			};
			name = Release;
		};
		4AB58C091EB1145F00B57367 /* Debug */ = {
			isa = XCBuildConfiguration;
			baseConfigurationReference = F351CC2A07EE1053A0CC5F9A /* Pods-AwsWebServicesUITests.debug.xcconfig */;
			buildSettings = {
				DEVELOPMENT_TEAM = 5QFMWSJCL3;
				INFOPLIST_FILE = AwsWebServicesUITests/Info.plist;
				LD_RUNPATH_SEARCH_PATHS = "$(inherited) @executable_path/Frameworks @loader_path/Frameworks";
				PRODUCT_BUNDLE_IDENTIFIER = com.billionaire.AwsWebServicesUITests;
				PRODUCT_NAME = "$(TARGET_NAME)";
				TEST_TARGET_NAME = AwsWebServices;
			};
			name = Debug;
		};
		4AB58C0A1EB1145F00B57367 /* Release */ = {
			isa = XCBuildConfiguration;
			baseConfigurationReference = F89FAC269F7648DD6FB5E515 /* Pods-AwsWebServicesUITests.release.xcconfig */;
			buildSettings = {
				DEVELOPMENT_TEAM = 5QFMWSJCL3;
				INFOPLIST_FILE = AwsWebServicesUITests/Info.plist;
				LD_RUNPATH_SEARCH_PATHS = "$(inherited) @executable_path/Frameworks @loader_path/Frameworks";
				PRODUCT_BUNDLE_IDENTIFIER = com.billionaire.AwsWebServicesUITests;
				PRODUCT_NAME = "$(TARGET_NAME)";
				TEST_TARGET_NAME = AwsWebServices;
			};
			name = Release;
		};
/* End XCBuildConfiguration section */

/* Begin XCConfigurationList section */
		4AB58BD01EB1145F00B57367 /* Build configuration list for PBXProject "AwsWebServices" */ = {
			isa = XCConfigurationList;
			buildConfigurations = (
				4AB58C001EB1145F00B57367 /* Debug */,
				4AB58C011EB1145F00B57367 /* Release */,
			);
			defaultConfigurationIsVisible = 0;
			defaultConfigurationName = Release;
		};
		4AB58C021EB1145F00B57367 /* Build configuration list for PBXNativeTarget "AwsWebServices" */ = {
			isa = XCConfigurationList;
			buildConfigurations = (
				4AB58C031EB1145F00B57367 /* Debug */,
				4AB58C041EB1145F00B57367 /* Release */,
			);
			defaultConfigurationIsVisible = 0;
		};
		4AB58C051EB1145F00B57367 /* Build configuration list for PBXNativeTarget "AwsWebServicesTests" */ = {
			isa = XCConfigurationList;
			buildConfigurations = (
				4AB58C061EB1145F00B57367 /* Debug */,
				4AB58C071EB1145F00B57367 /* Release */,
			);
			defaultConfigurationIsVisible = 0;
		};
		4AB58C081EB1145F00B57367 /* Build configuration list for PBXNativeTarget "AwsWebServicesUITests" */ = {
			isa = XCConfigurationList;
			buildConfigurations = (
				4AB58C091EB1145F00B57367 /* Debug */,
				4AB58C0A1EB1145F00B57367 /* Release */,
			);
			defaultConfigurationIsVisible = 0;
		};
/* End XCConfigurationList section */
	};
	rootObject = 4AB58BCD1EB1145F00B57367 /* Project object */;
}
